
Microsoft Visual Studio Solution File, Format Version 10.00
# Visual Studio 2008
Project("{8BC9CEB8-8B4A-11D0-8D11-00A0C91BC942}") = "ezstream", "ezstream.vcproj", "{43809192-0B8F-4AFE-85E6-C54E265CFB75}"
	ProjectSection(ProjectDependencies) = postProject
		{0A70BF55-FCF6-4DD8-A455-8233666A60E1} = {0A70BF55-FCF6-4DD8-A455-8233666A60E1}
		{1ACB165E-8C63-4B44-A4EB-791EFA8FA0A5} = {1ACB165E-8C63-4B44-A4EB-791EFA8FA0A5}
		{29A3AE75-E9A8-4A43-BADB-A4EF0972BD5B} = {29A3AE75-E9A8-4A43-BADB-A4EF0972BD5B}
		{8FB7BDB7-B66C-4D45-A03D-2FD46AAB1B08} = {8FB7BDB7-B66C-4D45-A03D-2FD46AAB1B08}
	EndProjectSection
EndProject
Project("{8BC9CEB8-8B4A-11D0-8D11-00A0C91BC942}") = "libogg", "libogg.vcproj", "{60A624C8-EEFF-4083-A02E-1A4F6B56CE4F}"
EndProject
Project("{8BC9CEB8-8B4A-11D0-8D11-00A0C91BC942}") = "libvorbis", "libvorbis.vcproj", "{5CC6CF7F-35F8-41D4-AB87-F8173EFF390D}"
	ProjectSection(ProjectDependencies) = postProject
		{60A624C8-EEFF-4083-A02E-1A4F6B56CE4F} = {60A624C8-EEFF-4083-A02E-1A4F6B56CE4F}
	EndProjectSection
EndProject
Project("{8BC9CEB8-8B4A-11D0-8D11-00A0C91BC942}") = "libvorbisfile", "libvorbisfile.vcproj", "{8FB7BDB7-B66C-4D45-A03D-2FD46AAB1B08}"
	ProjectSection(ProjectDependencies) = postProject
		{5CC6CF7F-35F8-41D4-AB87-F8173EFF390D} = {5CC6CF7F-35F8-41D4-AB87-F8173EFF390D}
	EndProjectSection
EndProject
Project("{8BC9CEB8-8B4A-11D0-8D11-00A0C91BC942}") = "libflac", "libflac.vcproj", "{3B517561-45A7-4189-B149-6EA03369255D}"
	ProjectSection(ProjectDependencies) = postProject
		{60A624C8-EEFF-4083-A02E-1A4F6B56CE4F} = {60A624C8-EEFF-4083-A02E-1A4F6B56CE4F}
	EndProjectSection
EndProject
Project("{8BC9CEB8-8B4A-11D0-8D11-00A0C91BC942}") = "libtheora", "libtheora.vcproj", "{140F1A87-BAE3-4DBD-9221-D0918A63646F}"
	ProjectSection(ProjectDependencies) = postProject
		{60A624C8-EEFF-4083-A02E-1A4F6B56CE4F} = {60A624C8-EEFF-4083-A02E-1A4F6B56CE4F}
	EndProjectSection
EndProject
Project("{8BC9CEB8-8B4A-11D0-8D11-00A0C91BC942}") = "libspeex", "libspeex.vcproj", "{6EC28559-BD88-4C63-AD91-A406FED1B363}"
	ProjectSection(ProjectDependencies) = postProject
		{60A624C8-EEFF-4083-A02E-1A4F6B56CE4F} = {60A624C8-EEFF-4083-A02E-1A4F6B56CE4F}
	EndProjectSection
EndProject
Project("{8BC9CEB8-8B4A-11D0-8D11-00A0C91BC942}") = "libshout", "libshout.vcproj", "{29A3AE75-E9A8-4A43-BADB-A4EF0972BD5B}"
	ProjectSection(ProjectDependencies) = postProject
		{6EC28559-BD88-4C63-AD91-A406FED1B363} = {6EC28559-BD88-4C63-AD91-A406FED1B363}
		{3B517561-45A7-4189-B149-6EA03369255D} = {3B517561-45A7-4189-B149-6EA03369255D}
		{5CC6CF7F-35F8-41D4-AB87-F8173EFF390D} = {5CC6CF7F-35F8-41D4-AB87-F8173EFF390D}
		{140F1A87-BAE3-4DBD-9221-D0918A63646F} = {140F1A87-BAE3-4DBD-9221-D0918A63646F}
		{60A624C8-EEFF-4083-A02E-1A4F6B56CE4F} = {60A624C8-EEFF-4083-A02E-1A4F6B56CE4F}
	EndProjectSection
EndProject
Project("{8BC9CEB8-8B4A-11D0-8D11-00A0C91BC942}") = "libz", "libz.vcproj", "{1ACB165E-8C63-4B44-A4EB-791EFA8FA0A5}"
EndProject
Project("{8BC9CEB8-8B4A-11D0-8D11-00A0C91BC942}") = "taglib", "taglib.vcproj", "{B1A6316C-A73A-4B34-A428-E967A698CA37}"
EndProject
Project("{8BC9CEB8-8B4A-11D0-8D11-00A0C91BC942}") = "taglib_c", "taglib_c.vcproj", "{0A70BF55-FCF6-4DD8-A455-8233666A60E1}"
	ProjectSection(ProjectDependencies) = postProject
		{B1A6316C-A73A-4B34-A428-E967A698CA37} = {B1A6316C-A73A-4B34-A428-E967A698CA37}
	EndProjectSection
EndProject
Global
	GlobalSection(SolutionConfigurationPlatforms) = preSolution
		Debug|Win32 = Debug|Win32
		Release|Win32 = Release|Win32
	EndGlobalSection
	GlobalSection(ProjectConfigurationPlatforms) = postSolution
		{43809192-0B8F-4AFE-85E6-C54E265CFB75}.Debug|Win32.ActiveCfg = Debug|Win32
		{43809192-0B8F-4AFE-85E6-C54E265CFB75}.Debug|Win32.Build.0 = Debug|Win32
		{43809192-0B8F-4AFE-85E6-C54E265CFB75}.Release|Win32.ActiveCfg = Release|Win32
		{43809192-0B8F-4AFE-85E6-C54E265CFB75}.Release|Win32.Build.0 = Release|Win32
		{60A624C8-EEFF-4083-A02E-1A4F6B56CE4F}.Debug|Win32.ActiveCfg = Debug|Win32
		{60A624C8-EEFF-4083-A02E-1A4F6B56CE4F}.Debug|Win32.Build.0 = Debug|Win32
		{60A624C8-EEFF-4083-A02E-1A4F6B56CE4F}.Release|Win32.ActiveCfg = Release|Win32
		{60A624C8-EEFF-4083-A02E-1A4F6B56CE4F}.Release|Win32.Build.0 = Release|Win32
		{5CC6CF7F-35F8-41D4-AB87-F8173EFF390D}.Debug|Win32.ActiveCfg = Debug|Win32
		{5CC6CF7F-35F8-41D4-AB87-F8173EFF390D}.Debug|Win32.Build.0 = Debug|Win32
		{5CC6CF7F-35F8-41D4-AB87-F8173EFF390D}.Release|Win32.ActiveCfg = Release|Win32
		{5CC6CF7F-35F8-41D4-AB87-F8173EFF390D}.Release|Win32.Build.0 = Release|Win32
		{8FB7BDB7-B66C-4D45-A03D-2FD46AAB1B08}.Debug|Win32.ActiveCfg = Debug|Win32
		{8FB7BDB7-B66C-4D45-A03D-2FD46AAB1B08}.Debug|Win32.Build.0 = Debug|Win32
		{8FB7BDB7-B66C-4D45-A03D-2FD46AAB1B08}.Release|Win32.ActiveCfg = Release|Win32
		{8FB7BDB7-B66C-4D45-A03D-2FD46AAB1B08}.Release|Win32.Build.0 = Release|Win32
		{3B517561-45A7-4189-B149-6EA03369255D}.Debug|Win32.ActiveCfg = Debug|Win32
		{3B517561-45A7-4189-B149-6EA03369255D}.Debug|Win32.Build.0 = Debug|Win32
		{3B517561-45A7-4189-B149-6EA03369255D}.Release|Win32.ActiveCfg = Release|Win32
		{3B517561-45A7-4189-B149-6EA03369255D}.Release|Win32.Build.0 = Release|Win32
		{140F1A87-BAE3-4DBD-9221-D0918A63646F}.Debug|Win32.ActiveCfg = Debug|Win32
		{140F1A87-BAE3-4DBD-9221-D0918A63646F}.Debug|Win32.Build.0 = Debug|Win32
		{140F1A87-BAE3-4DBD-9221-D0918A63646F}.Release|Win32.ActiveCfg = Release|Win32
		{140F1A87-BAE3-4DBD-9221-D0918A63646F}.Release|Win32.Build.0 = Release|Win32
		{6EC28559-BD88-4C63-AD91-A406FED1B363}.Debug|Win32.ActiveCfg = Debug|Win32
		{6EC28559-BD88-4C63-AD91-A406FED1B363}.Debug|Win32.Build.0 = Debug|Win32
		{6EC28559-BD88-4C63-AD91-A406FED1B363}.Release|Win32.ActiveCfg = Release|Win32
		{6EC28559-BD88-4C63-AD91-A406FED1B363}.Release|Win32.Build.0 = Release|Win32
		{29A3AE75-E9A8-4A43-BADB-A4EF0972BD5B}.Debug|Win32.ActiveCfg = Debug|Win32
		{29A3AE75-E9A8-4A43-BADB-A4EF0972BD5B}.Debug|Win32.Build.0 = Debug|Win32
		{29A3AE75-E9A8-4A43-BADB-A4EF0972BD5B}.Release|Win32.ActiveCfg = Release|Win32
		{29A3AE75-E9A8-4A43-BADB-A4EF0972BD5B}.Release|Win32.Build.0 = Release|Win32
		{1ACB165E-8C63-4B44-A4EB-791EFA8FA0A5}.Debug|Win32.ActiveCfg = Debug|Win32
		{1ACB165E-8C63-4B44-A4EB-791EFA8FA0A5}.Debug|Win32.Build.0 = Debug|Win32
		{1ACB165E-8C63-4B44-A4EB-791EFA8FA0A5}.Release|Win32.ActiveCfg = Release|Win32
		{1ACB165E-8C63-4B44-A4EB-791EFA8FA0A5}.Release|Win32.Build.0 = Release|Win32
		{B1A6316C-A73A-4B34-A428-E967A698CA37}.Debug|Win32.ActiveCfg = Debug|Win32
		{B1A6316C-A73A-4B34-A428-E967A698CA37}.Debug|Win32.Build.0 = Debug|Win32
		{B1A6316C-A73A-4B34-A428-E967A698CA37}.Release|Win32.ActiveCfg = Release|Win32
		{B1A6316C-A73A-4B34-A428-E967A698CA37}.Release|Win32.Build.0 = Release|Win32
		{0A70BF55-FCF6-4DD8-A455-8233666A60E1}.Debug|Win32.ActiveCfg = Debug|Win32
		{0A70BF55-FCF6-4DD8-A455-8233666A60E1}.Debug|Win32.Build.0 = Debug|Win32
		{0A70BF55-FCF6-4DD8-A455-8233666A60E1}.Release|Win32.ActiveCfg = Release|Win32
		{0A70BF55-FCF6-4DD8-A455-8233666A60E1}.Release|Win32.Build.0 = Release|Win32
	EndGlobalSection
	GlobalSection(SolutionProperties) = preSolution
		HideSolutionNode = FALSE
	EndGlobalSection
EndGlobal
